#MicroXplorer Configuration settings - do not modify
Mcu.Family=STM32G0
ProjectManager.MainLocation=Core/Src
NVIC.TIM14_IRQn=true\:0\:0\:false\:false\:true\:true\:true
RCC.PLLQoutputFreq_Value=64000000
RCC.USART1Freq_Value=64000000
ProjectManager.ProjectFileName=jujiqiang-battery-v1.1.0.ioc
RCC.CortexFreq_Value=64000000
ADC1.Rank-0\#ChannelRegularConversion=1
Dma.TIM3_CH2.0.Mode=DMA_NORMAL
ProjectManager.KeepUserCode=true
Mcu.UserName=STM32G031G8Ux
Mcu.PinsNb=10
VP_TIM14_VS_ClockSourceINT.Signal=TIM14_VS_ClockSourceINT
ProjectManager.NoMain=false
ADC1.IPParameters=Rank-0\#ChannelRegularConversion,Channel-0\#ChannelRegularConversion,SamplingTime-0\#ChannelRegularConversion,NbrOfConversionFlag,master,SelectedChannel
PA11\ [PA9].GPIO_Label=TEST
USART1.BaudRate=9600
PA14-BOOT0.Mode=Serial_Wire
ProjectManager.functionlistsort=1-MX_GPIO_Init-GPIO-false-HAL-true,2-MX_DMA_Init-DMA-false-HAL-true,3-SystemClock_Config-RCC-false-HAL-false,4-MX_TIM3_Init-TIM3-false-HAL-true,5-MX_ADC1_Init-ADC1-false-HAL-true,6-MX_TIM14_Init-TIM14-false-HAL-true,7-MX_USART1_UART_Init-USART1-false-HAL-true
Dma.TIM3_CH2.0.PeriphInc=DMA_PINC_DISABLE
RCC.EXTERNAL_CLOCK_VALUE=12288000
ProjectManager.DefaultFWLocation=true
Dma.TIM3_CH2.0.Instance=DMA1_Channel1
NVIC.SVC_IRQn=true\:0\:0\:false\:false\:true\:false\:false
ProjectManager.DeletePrevious=true
USART1.IPParameters=VirtualMode-Asynchronous,BaudRate
Dma.TIM3_CH2.0.EventEnable=DISABLE
PinOutPanel.RotationAngle=0
RCC.FamilyName=M
RCC.MCO1PinFreq_Value=64000000
RCC.SYSCLKSource=RCC_SYSCLKSOURCE_PLLCLK
ProjectManager.StackSize=0x400
Dma.TIM3_CH2.0.Direction=DMA_MEMORY_TO_PERIPH
RCC.LPTIM1Freq_Value=64000000
USART1.VirtualMode-Asynchronous=VM_ASYNC
PA13.Signal=SYS_SWDIO
Mcu.IP4=SYS
RCC.FCLKCortexFreq_Value=64000000
Mcu.IP5=TIM3
Mcu.IP2=NVIC
Mcu.IP3=RCC
Mcu.IP0=ADC1
Mcu.IP1=DMA
Dma.TIM3_CH2.0.SyncPolarity=HAL_DMAMUX_SYNC_NO_EVENT
Mcu.UserConstants=
SH.S_TIM3_CH2.ConfNb=1
ProjectManager.TargetToolchain=STM32CubeIDE
Mcu.ThirdPartyNb=0
Dma.TIM3_CH2.0.PeriphDataAlignment=DMA_PDATAALIGN_HALFWORD
RCC.HCLKFreq_Value=64000000
Mcu.IPNb=8
ProjectManager.PreviousToolchain=
TIM3.Period=79
PB6.Signal=USART1_TX
PA11\ [PA9].GPIO_PuPd=GPIO_PULLUP
RCC.I2S1Freq_Value=64000000
PB6.Mode=Asynchronous
Mcu.Pin6=PB7
Mcu.Pin7=VP_SYS_VS_Systick
ProjectManager.RegisterCallBack=
Mcu.Pin8=VP_TIM3_VS_ClockSourceINT
Mcu.Pin9=VP_TIM14_VS_ClockSourceINT
Dma.TIM3_CH2.0.RequestParameters=Instance,Direction,PeriphInc,MemInc,PeriphDataAlignment,MemDataAlignment,Mode,Priority,SignalID,Polarity,RequestNumber,SyncSignalID,SyncPolarity,SyncEnable,EventEnable,SyncRequestNumber
VP_TIM3_VS_ClockSourceINT.Signal=TIM3_VS_ClockSourceINT
PA11\ [PA9].Locked=true
RCC.LSE_VALUE=32768
PA1.Signal=ADC1_IN1
PA7.GPIO_PuPd=GPIO_PULLUP
RCC.AHBFreq_Value=64000000
Mcu.Pin0=PA1
Mcu.Pin1=PA7
PA14-BOOT0.Signal=SYS_SWCLK
GPIO.groupedBy=Group By Peripherals
Mcu.Pin2=PA11 [PA9]
Mcu.Pin3=PA13
Mcu.Pin4=PA14-BOOT0
Mcu.Pin5=PB6
ADC1.Channel-0\#ChannelRegularConversion=ADC_CHANNEL_1
ProjectManager.ProjectBuild=false
SH.S_TIM3_CH2.0=TIM3_CH2,PWM Generation2 CH2
RCC.HSE_VALUE=8000000
PA11\ [PA9].GPIOParameters=GPIO_PuPd,GPIO_Label
board=custom
RCC.VCOOutputFreq_Value=128000000
TIM14.Period=99
NVIC.SysTick_IRQn=true\:0\:0\:false\:false\:true\:false\:true
ProjectManager.LastFirmware=true
PA7.GPIO_Speed=GPIO_SPEED_FREQ_VERY_HIGH
Dma.TIM3_CH2.0.SyncSignalID=NONE
ProjectManager.FirmwarePackage=STM32Cube FW_G0 V1.4.1
MxDb.Version=DB.6.0.21
PA1.Mode=IN1
Dma.TIM3_CH2.0.Priority=DMA_PRIORITY_MEDIUM
ProjectManager.BackupPrevious=false
MxCube.Version=6.2.1
RCC.VCOInputFreq_Value=16000000
Dma.TIM3_CH2.0.MemInc=DMA_MINC_ENABLE
RCC.I2C1Freq_Value=64000000
RCC.ADCFreq_Value=64000000
File.Version=6
VP_SYS_VS_Systick.Mode=SysTick
Dma.TIM3_CH2.0.SignalID=NONE
TIM3.IPParameters=Channel-PWM Generation2 CH2,Period
PB7.Signal=USART1_RX
NVIC.NonMaskableInt_IRQn=true\:0\:0\:false\:false\:true\:false\:false
RCC.PLLRCLKFreq_Value=64000000
PB6.Locked=true
NVIC.PendSV_IRQn=true\:0\:0\:false\:false\:true\:false\:false
PA13.Mode=Serial_Wire
ProjectManager.FreePins=true
RCC.IPParameters=ADCFreq_Value,AHBFreq_Value,APBFreq_Value,APBTimFreq_Value,CortexFreq_Value,EXTERNAL_CLOCK_VALUE,FCLKCortexFreq_Value,FamilyName,HCLKFreq_Value,HSE_VALUE,HSI_VALUE,I2C1Freq_Value,I2S1Freq_Value,LPTIM1Freq_Value,LPTIM2Freq_Value,LPUART1Freq_Value,LSCOPinFreq_Value,LSE_VALUE,LSI_VALUE,MCO1PinFreq_Value,PLLPoutputFreq_Value,PLLQoutputFreq_Value,PLLRCLKFreq_Value,PWRFreq_Value,SYSCLKFreq_VALUE,SYSCLKSource,TIM1Freq_Value,USART1Freq_Value,VCOInputFreq_Value,VCOOutputFreq_Value
ProjectManager.AskForMigrate=true
PA11\ [PA9].Signal=GPIO_Output
Mcu.Name=STM32G031G(4-6-8)Ux
Dma.RequestsNb=1
RCC.LPTIM2Freq_Value=64000000
ProjectManager.HalAssertFull=false
ADC1.SamplingTime-0\#ChannelRegularConversion=ADC_SAMPLINGTIME_COMMON_1
TIM14.Prescaler=639
ProjectManager.ProjectName=jujiqiang-battery-v1.1.0
ProjectManager.UnderRoot=true
RCC.TIM1Freq_Value=64000000
Mcu.IP6=TIM14
Mcu.IP7=USART1
ProjectManager.CoupleFile=true
ADC1.SelectedChannel=ADC_CHANNEL_1
RCC.APBTimFreq_Value=64000000
RCC.SYSCLKFreq_VALUE=64000000
Mcu.Package=UFQFPN28
PA1.Locked=true
ADC1.master=1
PA7.Locked=true
NVIC.ForceEnableDMAVector=true
KeepUserPlacement=false
RCC.APBFreq_Value=64000000
ProjectManager.CompilerOptimize=6
ProjectManager.ToolChainLocation=
RCC.LSI_VALUE=32000
VP_SYS_VS_Systick.Signal=SYS_VS_Systick
PB7.Mode=Asynchronous
RCC.LSCOPinFreq_Value=32000
ProjectManager.HeapSize=0x200
Dma.TIM3_CH2.0.MemDataAlignment=DMA_MDATAALIGN_HALFWORD
NVIC.HardFault_IRQn=true\:0\:0\:false\:false\:true\:false\:false
ProjectManager.ComputerToolchain=false
RCC.HSI_VALUE=16000000
ADC1.NbrOfConversionFlag=1
Dma.TIM3_CH2.0.Polarity=HAL_DMAMUX_REQ_GEN_RISING
Dma.TIM3_CH2.0.SyncRequestNumber=1
TIM3.Channel-PWM\ Generation2\ CH2=TIM_CHANNEL_2
RCC.PLLPoutputFreq_Value=64000000
PB7.Locked=true
RCC.PWRFreq_Value=64000000
RCC.LPUART1Freq_Value=64000000
VP_TIM14_VS_ClockSourceINT.Mode=Enable_Timer
Dma.TIM3_CH2.0.RequestNumber=1
NVIC.DMA1_Channel1_IRQn=true\:0\:0\:false\:false\:true\:false\:true
TIM14.IPParameters=Prescaler,Period
NVIC.USART1_IRQn=true\:0\:0\:false\:false\:true\:true\:true
Dma.Request0=TIM3_CH2
PA7.GPIOParameters=GPIO_Speed,GPIO_PuPd
ProjectManager.CustomerFirmwarePackage=
VP_TIM3_VS_ClockSourceINT.Mode=Internal
ProjectManager.DeviceId=STM32G031G8Ux
ProjectManager.LibraryCopy=1
Dma.TIM3_CH2.0.SyncEnable=DISABLE
PA7.Signal=S_TIM3_CH2
isbadioc=false
